
Microsoft Visual Studio Solution File, Format Version 12.00
# Visual Studio Version 16
VisualStudioVersion = 16.0.29521.150
MinimumVisualStudioVersion = 10.0.40219.1
Project("{FAE04EC0-301F-11D3-BF4B-00C04F79EFBC}") = "NopcommerceNUnitTestProject", "NopcommerceNUnitTestProject\NopcommerceNUnitTestProject.csproj", "{58032B4C-A28D-4E16-9F83-CB3DF43DDF22}"
EndProject
Global
	GlobalSection(SolutionConfigurationPlatforms) = preSolution
		Debug|Any CPU = Debug|Any CPU
		Release|Any CPU = Release|Any CPU
	EndGlobalSection
	GlobalSection(ProjectConfigurationPlatforms) = postSolution
		{58032B4C-A28D-4E16-9F83-CB3DF43DDF22}.Debug|Any CPU.ActiveCfg = Debug|Any CPU
		{58032B4C-A28D-4E16-9F83-CB3DF43DDF22}.Debug|Any CPU.Build.0 = Debug|Any CPU
		{58032B4C-A28D-4E16-9F83-CB3DF43DDF22}.Release|Any CPU.ActiveCfg = Release|Any CPU
		{58032B4C-A28D-4E16-9F83-CB3DF43DDF22}.Release|Any CPU.Build.0 = Release|Any CPU
	EndGlobalSection
	GlobalSection(SolutionProperties) = preSolution
		HideSolutionNode = FALSE
	EndGlobalSection
	GlobalSection(ExtensibilityGlobals) = postSolution
		SolutionGuid = {86C81F2A-A9B2-405D-BB5C-8CC7510210DB}
	EndGlobalSection
EndGlobal
